
Microsoft Visual Studio Solution File, Format Version 12.00
# Visual Studio Version 16
VisualStudioVersion = 16.0.31911.196
MinimumVisualStudioVersion = 10.0.40219.1
Project("{888888A0-9F3D-457C-B088-3A5042F75D52}") = "OCKMDR-py", "OCKMDR-py\OCKMDR-py.pyproj", "{2E214AFA-1C34-4663-A707-09029598F940}"
EndProject
Global
	GlobalSection(SolutionConfigurationPlatforms) = preSolution
		Debug|Any CPU = Debug|Any CPU
		Release|Any CPU = Release|Any CPU
	EndGlobalSection
	GlobalSection(ProjectConfigurationPlatforms) = postSolution
		{2E214AFA-1C34-4663-A707-09029598F940}.Debug|Any CPU.ActiveCfg = Debug|Any CPU
		{2E214AFA-1C34-4663-A707-09029598F940}.Release|Any CPU.ActiveCfg = Release|Any CPU
	EndGlobalSection
	GlobalSection(SolutionProperties) = preSolution
		HideSolutionNode = FALSE
	EndGlobalSection
	GlobalSection(ExtensibilityGlobals) = postSolution
		SolutionGuid = {632FDB43-EC15-46E6-B208-F49CAB61FDCF}
	EndGlobalSection
EndGlobal
